
Microsoft Visual Studio Solution File, Format Version 12.00
# Visual Studio Version 16
VisualStudioVersion = 16.0.29905.134
MinimumVisualStudioVersion = 10.0.40219.1
Project("{FAE04EC0-301F-11D3-BF4B-00C04F79EFBC}") = "DesignPatterns", "DesignPatterns\DesignPatterns.csproj", "{569601A9-02F1-46E5-B6F4-4F8E1BF4E65B}"
EndProject
Global
	GlobalSection(SolutionConfigurationPlatforms) = preSolution
		Debug|Any CPU = Debug|Any CPU
		Release|Any CPU = Release|Any CPU
	EndGlobalSection
	GlobalSection(ProjectConfigurationPlatforms) = postSolution
		{569601A9-02F1-46E5-B6F4-4F8E1BF4E65B}.Debug|Any CPU.ActiveCfg = Debug|Any CPU
		{569601A9-02F1-46E5-B6F4-4F8E1BF4E65B}.Debug|Any CPU.Build.0 = Debug|Any CPU
		{569601A9-02F1-46E5-B6F4-4F8E1BF4E65B}.Release|Any CPU.ActiveCfg = Release|Any CPU
		{569601A9-02F1-46E5-B6F4-4F8E1BF4E65B}.Release|Any CPU.Build.0 = Release|Any CPU
	EndGlobalSection
	GlobalSection(SolutionProperties) = preSolution
		HideSolutionNode = FALSE
	EndGlobalSection
	GlobalSection(ExtensibilityGlobals) = postSolution
		SolutionGuid = {0AA06156-2963-45FE-87A1-CE5A4A6611EC}
	EndGlobalSection
EndGlobal
